// !$*UTF8*$!
{
	archiveVersion = 1;
	classes = {
	};
	objectVersion = 50;
	objects = {

/* Begin PBXBuildFile section */
		4C13D83F26BAF1BC00C2C855 /* App.swift in Sources */ = {isa = PBXBuildFile; fileRef = 4C13D83E26BAF1BC00C2C855 /* App.swift */; };
		4C13D84126BAF1BC00C2C855 /* ContentView.swift in Sources */ = {isa = PBXBuildFile; fileRef = 4C13D84026BAF1BC00C2C855 /* ContentView.swift */; };
		4C13D84326BAF1BD00C2C855 /* Assets.xcassets in Resources */ = {isa = PBXBuildFile; fileRef = 4C13D84226BAF1BD00C2C855 /* Assets.xcassets */; };
		4C13D84626BAF1BD00C2C855 /* Preview Assets.xcassets in Resources */ = {isa = PBXBuildFile; fileRef = 4C13D84526BAF1BD00C2C855 /* Preview Assets.xcassets */; };
		4C912E0926D23B68001BB4D5 /* LevelTileSet.sks in Resources */ = {isa = PBXBuildFile; fileRef = 4C912E0826D23B68001BB4D5 /* LevelTileSet.sks */; };
		4CB1270A26CFBC6800DAC3E1 /* GameView.swift in Sources */ = {isa = PBXBuildFile; fileRef = 4CB1270926CFBC6800DAC3E1 /* GameView.swift */; };
		4CB1270C26CFCE0800DAC3E1 /* GameScene.swift in Sources */ = {isa = PBXBuildFile; fileRef = 4CB1270B26CFCE0800DAC3E1 /* GameScene.swift */; };
		4CD926AC26D89293003513E7 /* GameOver.swift in Sources */ = {isa = PBXBuildFile; fileRef = 4CD926AB26D89293003513E7 /* GameOver.swift */; };
		4CE2FC3726BEC62A0046683E /* MainMenu.swift in Sources */ = {isa = PBXBuildFile; fileRef = 4CE2FC3626BEC62A0046683E /* MainMenu.swift */; };
		4CE2FC3926BEC6580046683E /* SettingView.swift in Sources */ = {isa = PBXBuildFile; fileRef = 4CE2FC3826BEC6580046683E /* SettingView.swift */; };
		4CE2FC3B26BED1040046683E /* CreditView.swift in Sources */ = {isa = PBXBuildFile; fileRef = 4CE2FC3A26BED1030046683E /* CreditView.swift */; };
		4CE2FC4026BED2660046683E /* InfoView.swift in Sources */ = {isa = PBXBuildFile; fileRef = 4CE2FC3F26BED2660046683E /* InfoView.swift */; };
		4CF4E12026D9DBBB00C88849 /* Level2.sks in Resources */ = {isa = PBXBuildFile; fileRef = 4CF4E11F26D9DBBB00C88849 /* Level2.sks */; };
		4CF4E12226D9DE9D00C88849 /* GameLevels.swift in Sources */ = {isa = PBXBuildFile; fileRef = 4CF4E12126D9DE9D00C88849 /* GameLevels.swift */; };
		4CFA77A226D20A0D0060D76E /* Level1.sks in Resources */ = {isa = PBXBuildFile; fileRef = 4CFA77A126D20A0D0060D76E /* Level1.sks */; };
/* End PBXBuildFile section */

/* Begin PBXFileReference section */
		4C13D83B26BAF1BC00C2C855 /* Game-prototype.app */ = {isa = PBXFileReference; explicitFileType = wrapper.application; includeInIndex = 0; path = "Game-prototype.app"; sourceTree = BUILT_PRODUCTS_DIR; };
		4C13D83E26BAF1BC00C2C855 /* App.swift */ = {isa = PBXFileReference; lastKnownFileType = sourcecode.swift; path = App.swift; sourceTree = "<group>"; };
		4C13D84026BAF1BC00C2C855 /* ContentView.swift */ = {isa = PBXFileReference; lastKnownFileType = sourcecode.swift; path = ContentView.swift; sourceTree = "<group>"; };
		4C13D84226BAF1BD00C2C855 /* Assets.xcassets */ = {isa = PBXFileReference; lastKnownFileType = folder.assetcatalog; path = Assets.xcassets; sourceTree = "<group>"; };
		4C13D84526BAF1BD00C2C855 /* Preview Assets.xcassets */ = {isa = PBXFileReference; lastKnownFileType = folder.assetcatalog; path = "Preview Assets.xcassets"; sourceTree = "<group>"; };
		4C13D84726BAF1BD00C2C855 /* Info.plist */ = {isa = PBXFileReference; lastKnownFileType = text.plist.xml; path = Info.plist; sourceTree = "<group>"; };
		4C912E0826D23B68001BB4D5 /* LevelTileSet.sks */ = {isa = PBXFileReference; lastKnownFileType = file.sks; path = LevelTileSet.sks; sourceTree = "<group>"; };
		4CB1270926CFBC6800DAC3E1 /* GameView.swift */ = {isa = PBXFileReference; lastKnownFileType = sourcecode.swift; path = GameView.swift; sourceTree = "<group>"; };
		4CB1270B26CFCE0800DAC3E1 /* GameScene.swift */ = {isa = PBXFileReference; lastKnownFileType = sourcecode.swift; path = GameScene.swift; sourceTree = "<group>"; };
		4CD926AB26D89293003513E7 /* GameOver.swift */ = {isa = PBXFileReference; lastKnownFileType = sourcecode.swift; path = GameOver.swift; sourceTree = "<group>"; };
		4CE2FC3626BEC62A0046683E /* MainMenu.swift */ = {isa = PBXFileReference; lastKnownFileType = sourcecode.swift; path = MainMenu.swift; sourceTree = "<group>"; };
		4CE2FC3826BEC6580046683E /* SettingView.swift */ = {isa = PBXFileReference; lastKnownFileType = sourcecode.swift; path = SettingView.swift; sourceTree = "<group>"; };
		4CE2FC3A26BED1030046683E /* CreditView.swift */ = {isa = PBXFileReference; lastKnownFileType = sourcecode.swift; path = CreditView.swift; sourceTree = "<group>"; };
		4CE2FC3F26BED2660046683E /* InfoView.swift */ = {isa = PBXFileReference; lastKnownFileType = sourcecode.swift; path = InfoView.swift; sourceTree = "<group>"; };
		4CF4E11F26D9DBBB00C88849 /* Level2.sks */ = {isa = PBXFileReference; lastKnownFileType = file.sks; path = Level2.sks; sourceTree = "<group>"; };
		4CF4E12126D9DE9D00C88849 /* GameLevels.swift */ = {isa = PBXFileReference; lastKnownFileType = sourcecode.swift; path = GameLevels.swift; sourceTree = "<group>"; };
		4CFA77A126D20A0D0060D76E /* Level1.sks */ = {isa = PBXFileReference; lastKnownFileType = file.sks; path = Level1.sks; sourceTree = "<group>"; };
/* End PBXFileReference section */

/* Begin PBXFrameworksBuildPhase section */
		4C13D83826BAF1BC00C2C855 /* Frameworks */ = {
			isa = PBXFrameworksBuildPhase;
			buildActionMask = 2147483647;
			files = (
			);
			runOnlyForDeploymentPostprocessing = 0;
		};
/* End PBXFrameworksBuildPhase section */

/* Begin PBXGroup section */
		4C13D83226BAF1BC00C2C855 = {
			isa = PBXGroup;
			children = (
				4C13D83D26BAF1BC00C2C855 /* Game-prototype */,
				4C13D83C26BAF1BC00C2C855 /* Products */,
			);
			sourceTree = "<group>";
		};
		4C13D83C26BAF1BC00C2C855 /* Products */ = {
			isa = PBXGroup;
			children = (
				4C13D83B26BAF1BC00C2C855 /* Game-prototype.app */,
			);
			name = Products;
			sourceTree = "<group>";
		};
		4C13D83D26BAF1BC00C2C855 /* Game-prototype */ = {
			isa = PBXGroup;
			children = (
				4CE2FC3126BEC4210046683E /* GameViews */,
				4CE2FC3026BEC4150046683E /* MenuViews */,
				4CE2FC2E26BEC3C80046683E /* App */,
				4CE2FC2B26BEC2EB0046683E /* Other */,
			);
			path = "Game-prototype";
			sourceTree = "<group>";
		};
		4C13D84426BAF1BD00C2C855 /* Preview Content */ = {
			isa = PBXGroup;
			children = (
				4C13D84526BAF1BD00C2C855 /* Preview Assets.xcassets */,
			);
			path = "Preview Content";
			sourceTree = "<group>";
		};
		4CE2FC2B26BEC2EB0046683E /* Other */ = {
			isa = PBXGroup;
			children = (
				4C13D84226BAF1BD00C2C855 /* Assets.xcassets */,
				4C13D84726BAF1BD00C2C855 /* Info.plist */,
				4C13D84426BAF1BD00C2C855 /* Preview Content */,
			);
			path = Other;
			sourceTree = "<group>";
		};
		4CE2FC2E26BEC3C80046683E /* App */ = {
			isa = PBXGroup;
			children = (
				4C13D84026BAF1BC00C2C855 /* ContentView.swift */,
				4C13D83E26BAF1BC00C2C855 /* App.swift */,
			);
			path = App;
			sourceTree = "<group>";
		};
		4CE2FC3026BEC4150046683E /* MenuViews */ = {
			isa = PBXGroup;
			children = (
				4CE2FC3626BEC62A0046683E /* MainMenu.swift */,
				4CE2FC3F26BED2660046683E /* InfoView.swift */,
				4CE2FC3826BEC6580046683E /* SettingView.swift */,
				4CE2FC3A26BED1030046683E /* CreditView.swift */,
			);
			path = MenuViews;
			sourceTree = "<group>";
		};
		4CE2FC3126BEC4210046683E /* GameViews */ = {
			isa = PBXGroup;
			children = (
				4CD926AB26D89293003513E7 /* GameOver.swift */,
				4CB1270926CFBC6800DAC3E1 /* GameView.swift */,
				4CB1270B26CFCE0800DAC3E1 /* GameScene.swift */,
				4CF4E12126D9DE9D00C88849 /* GameLevels.swift */,
				4CFA77A126D20A0D0060D76E /* Level1.sks */,
				4CF4E11F26D9DBBB00C88849 /* Level2.sks */,
				4C912E0826D23B68001BB4D5 /* LevelTileSet.sks */,
			);
			path = GameViews;
			sourceTree = "<group>";
		};
/* End PBXGroup section */

/* Begin PBXNativeTarget section */
		4C13D83A26BAF1BC00C2C855 /* Game-prototype */ = {
			isa = PBXNativeTarget;
			buildConfigurationList = 4C13D84A26BAF1BD00C2C855 /* Build configuration list for PBXNativeTarget "Game-prototype" */;
			buildPhases = (
				4C13D83726BAF1BC00C2C855 /* Sources */,
				4C13D83826BAF1BC00C2C855 /* Frameworks */,
				4C13D83926BAF1BC00C2C855 /* Resources */,
			);
			buildRules = (
			);
			dependencies = (
			);
			name = "Game-prototype";
			productName = "Game-prototype";
			productReference = 4C13D83B26BAF1BC00C2C855 /* Game-prototype.app */;
			productType = "com.apple.product-type.application";
		};
/* End PBXNativeTarget section */

/* Begin PBXProject section */
		4C13D83326BAF1BC00C2C855 /* Project object */ = {
			isa = PBXProject;
			attributes = {
				LastSwiftUpdateCheck = 1250;
				LastUpgradeCheck = 1250;
				TargetAttributes = {
					4C13D83A26BAF1BC00C2C855 = {
						CreatedOnToolsVersion = 12.5.1;
					};
				};
			};
			buildConfigurationList = 4C13D83626BAF1BC00C2C855 /* Build configuration list for PBXProject "Game-prototype" */;
			compatibilityVersion = "Xcode 9.3";
			developmentRegion = en;
			hasScannedForEncodings = 0;
			knownRegions = (
				en,
				Base,
			);
			mainGroup = 4C13D83226BAF1BC00C2C855;
			productRefGroup = 4C13D83C26BAF1BC00C2C855 /* Products */;
			projectDirPath = "";
			projectRoot = "";
			targets = (
				4C13D83A26BAF1BC00C2C855 /* Game-prototype */,
			);
		};
/* End PBXProject section */

/* Begin PBXResourcesBuildPhase section */
		4C13D83926BAF1BC00C2C855 /* Resources */ = {
			isa = PBXResourcesBuildPhase;
			buildActionMask = 2147483647;
			files = (
				4C13D84626BAF1BD00C2C855 /* Preview Assets.xcassets in Resources */,
				4CFA77A226D20A0D0060D76E /* Level1.sks in Resources */,
				4C912E0926D23B68001BB4D5 /* LevelTileSet.sks in Resources */,
				4C13D84326BAF1BD00C2C855 /* Assets.xcassets in Resources */,
				4CF4E12026D9DBBB00C88849 /* Level2.sks in Resources */,
			);
			runOnlyForDeploymentPostprocessing = 0;
		};
/* End PBXResourcesBuildPhase section */

/* Begin PBXSourcesBuildPhase section */
		4C13D83726BAF1BC00C2C855 /* Sources */ = {
			isa = PBXSourcesBuildPhase;
			buildActionMask = 2147483647;
			files = (
				4C13D84126BAF1BC00C2C855 /* ContentView.swift in Sources */,
				4CE2FC3926BEC6580046683E /* SettingView.swift in Sources */,
				4CF4E12226D9DE9D00C88849 /* GameLevels.swift in Sources */,
				4CB1270C26CFCE0800DAC3E1 /* GameScene.swift in Sources */,
				4C13D83F26BAF1BC00C2C855 /* App.swift in Sources */,
				4CD926AC26D89293003513E7 /* GameOver.swift in Sources */,
				4CE2FC3726BEC62A0046683E /* MainMenu.swift in Sources */,
				4CE2FC3B26BED1040046683E /* CreditView.swift in Sources */,
				4CB1270A26CFBC6800DAC3E1 /* GameView.swift in Sources */,
				4CE2FC4026BED2660046683E /* InfoView.swift in Sources */,
			);
			runOnlyForDeploymentPostprocessing = 0;
		};
/* End PBXSourcesBuildPhase section */

/* Begin XCBuildConfiguration section */
		4C13D84826BAF1BD00C2C855 /* Debug */ = {
			isa = XCBuildConfiguration;
			buildSettings = {
				ALWAYS_SEARCH_USER_PATHS = NO;
				CLANG_ANALYZER_NONNULL = YES;
				CLANG_ANALYZER_NUMBER_OBJECT_CONVERSION = YES_AGGRESSIVE;
				CLANG_CXX_LANGUAGE_STANDARD = "gnu++14";
				CLANG_CXX_LIBRARY = "libc++";
				CLANG_ENABLE_MODULES = YES;
				CLANG_ENABLE_OBJC_ARC = YES;
				CLANG_ENABLE_OBJC_WEAK = YES;
				CLANG_WARN_BLOCK_CAPTURE_AUTORELEASING = YES;
				CLANG_WARN_BOOL_CONVERSION = YES;
				CLANG_WARN_COMMA = YES;
				CLANG_WARN_CONSTANT_CONVERSION = YES;
				CLANG_WARN_DEPRECATED_OBJC_IMPLEMENTATIONS = YES;
				CLANG_WARN_DIRECT_OBJC_ISA_USAGE = YES_ERROR;
				CLANG_WARN_DOCUMENTATION_COMMENTS = YES;
				CLANG_WARN_EMPTY_BODY = YES;
				CLANG_WARN_ENUM_CONVERSION = YES;
				CLANG_WARN_INFINITE_RECURSION = YES;
				CLANG_WARN_INT_CONVERSION = YES;
				CLANG_WARN_NON_LITERAL_NULL_CONVERSION = YES;
				CLANG_WARN_OBJC_IMPLICIT_RETAIN_SELF = YES;
				CLANG_WARN_OBJC_LITERAL_CONVERSION = YES;
				CLANG_WARN_OBJC_ROOT_CLASS = YES_ERROR;
				CLANG_WARN_QUOTED_INCLUDE_IN_FRAMEWORK_HEADER = YES;
				CLANG_WARN_RANGE_LOOP_ANALYSIS = YES;
				CLANG_WARN_STRICT_PROTOTYPES = YES;
				CLANG_WARN_SUSPICIOUS_MOVE = YES;
				CLANG_WARN_UNGUARDED_AVAILABILITY = YES_AGGRESSIVE;
				CLANG_WARN_UNREACHABLE_CODE = YES;
				CLANG_WARN__DUPLICATE_METHOD_MATCH = YES;
				COPY_PHASE_STRIP = NO;
				DEBUG_INFORMATION_FORMAT = dwarf;
				ENABLE_STRICT_OBJC_MSGSEND = YES;
				ENABLE_TESTABILITY = YES;
				GCC_C_LANGUAGE_STANDARD = gnu11;
				GCC_DYNAMIC_NO_PIC = NO;
				GCC_NO_COMMON_BLOCKS = YES;
				GCC_OPTIMIZATION_LEVEL = 0;
				GCC_PREPROCESSOR_DEFINITIONS = (
					"DEBUG=1",
					"$(inherited)",
				);
				GCC_WARN_64_TO_32_BIT_CONVERSION = YES;
				GCC_WARN_ABOUT_RETURN_TYPE = YES_ERROR;
				GCC_WARN_UNDECLARED_SELECTOR = YES;
				GCC_WARN_UNINITIALIZED_AUTOS = YES_AGGRESSIVE;
				GCC_WARN_UNUSED_FUNCTION = YES;
				GCC_WARN_UNUSED_VARIABLE = YES;
				IPHONEOS_DEPLOYMENT_TARGET = 14.5;
				MTL_ENABLE_DEBUG_INFO = INCLUDE_SOURCE;
				MTL_FAST_MATH = YES;
				ONLY_ACTIVE_ARCH = YES;
				SDKROOT = iphoneos;
				SWIFT_ACTIVE_COMPILATION_CONDITIONS = DEBUG;
				SWIFT_OPTIMIZATION_LEVEL = "-Onone";
			};
			name = Debug;
		};
		4C13D84926BAF1BD00C2C855 /* Release */ = {
			isa = XCBuildConfiguration;
			buildSettings = {
				ALWAYS_SEARCH_USER_PATHS = NO;
				CLANG_ANALYZER_NONNULL = YES;
				CLANG_ANALYZER_NUMBER_OBJECT_CONVERSION = YES_AGGRESSIVE;
				CLANG_CXX_LANGUAGE_STANDARD = "gnu++14";
				CLANG_CXX_LIBRARY = "libc++";
				CLANG_ENABLE_MODULES = YES;
				CLANG_ENABLE_OBJC_ARC = YES;
				CLANG_ENABLE_OBJC_WEAK = YES;
				CLANG_WARN_BLOCK_CAPTURE_AUTORELEASING = YES;
				CLANG_WARN_BOOL_CONVERSION = YES;
				CLANG_WARN_COMMA = YES;
				CLANG_WARN_CONSTANT_CONVERSION = YES;
				CLANG_WARN_DEPRECATED_OBJC_IMPLEMENTATIONS = YES;
				CLANG_WARN_DIRECT_OBJC_ISA_USAGE = YES_ERROR;
				CLANG_WARN_DOCUMENTATION_COMMENTS = YES;
				CLANG_WARN_EMPTY_BODY = YES;
				CLANG_WARN_ENUM_CONVERSION = YES;
				CLANG_WARN_INFINITE_RECURSION = YES;
				CLANG_WARN_INT_CONVERSION = YES;
				CLANG_WARN_NON_LITERAL_NULL_CONVERSION = YES;
				CLANG_WARN_OBJC_IMPLICIT_RETAIN_SELF = YES;
				CLANG_WARN_OBJC_LITERAL_CONVERSION = YES;
				CLANG_WARN_OBJC_ROOT_CLASS = YES_ERROR;
				CLANG_WARN_QUOTED_INCLUDE_IN_FRAMEWORK_HEADER = YES;
				CLANG_WARN_RANGE_LOOP_ANALYSIS = YES;
				CLANG_WARN_STRICT_PROTOTYPES = YES;
				CLANG_WARN_SUSPICIOUS_MOVE = YES;
				CLANG_WARN_UNGUARDED_AVAILABILITY = YES_AGGRESSIVE;
				CLANG_WARN_UNREACHABLE_CODE = YES;
				CLANG_WARN__DUPLICATE_METHOD_MATCH = YES;
				COPY_PHASE_STRIP = NO;
				DEBUG_INFORMATION_FORMAT = "dwarf-with-dsym";
				ENABLE_NS_ASSERTIONS = NO;
				ENABLE_STRICT_OBJC_MSGSEND = YES;
				GCC_C_LANGUAGE_STANDARD = gnu11;
				GCC_NO_COMMON_BLOCKS = YES;
				GCC_WARN_64_TO_32_BIT_CONVERSION = YES;
				GCC_WARN_ABOUT_RETURN_TYPE = YES_ERROR;
				GCC_WARN_UNDECLARED_SELECTOR = YES;
				GCC_WARN_UNINITIALIZED_AUTOS = YES_AGGRESSIVE;
				GCC_WARN_UNUSED_FUNCTION = YES;
				GCC_WARN_UNUSED_VARIABLE = YES;
				IPHONEOS_DEPLOYMENT_TARGET = 14.5;
				MTL_ENABLE_DEBUG_INFO = NO;
				MTL_FAST_MATH = YES;
				SDKROOT = iphoneos;
				SWIFT_COMPILATION_MODE = wholemodule;
				SWIFT_OPTIMIZATION_LEVEL = "-O";
				VALIDATE_PRODUCT = YES;
			};
			name = Release;
		};
		4C13D84B26BAF1BD00C2C855 /* Debug */ = {
			isa = XCBuildConfiguration;
			buildSettings = {
				ASSETCATALOG_COMPILER_APPICON_NAME = AppIcon;
				ASSETCATALOG_COMPILER_GLOBAL_ACCENT_COLOR_NAME = AccentColor;
				CODE_SIGN_STYLE = Automatic;
				DEVELOPMENT_ASSET_PATHS = "\"Game-prototype/Other/Preview Content\"";
				DEVELOPMENT_TEAM = 2N2PRGUZ79;
				ENABLE_PREVIEWS = YES;
				INFOPLIST_FILE = "Game-prototype/Other/Info.plist";
				IPHONEOS_DEPLOYMENT_TARGET = 14.0;
				LD_RUNPATH_SEARCH_PATHS = (
					"$(inherited)",
					"@executable_path/Frameworks",
				);
				PRODUCT_BUNDLE_IDENTIFIER = "com.MyCompany.Game-prototype";
				PRODUCT_NAME = "$(TARGET_NAME)";
				SWIFT_VERSION = 5.0;
				TARGETED_DEVICE_FAMILY = "1,2";
			};
			name = Debug;
		};
		4C13D84C26BAF1BD00C2C855 /* Release */ = {
			isa = XCBuildConfiguration;
			buildSettings = {
				ASSETCATALOG_COMPILER_APPICON_NAME = AppIcon;
				ASSETCATALOG_COMPILER_GLOBAL_ACCENT_COLOR_NAME = AccentColor;
				CODE_SIGN_STYLE = Automatic;
				DEVELOPMENT_ASSET_PATHS = "\"Game-prototype/Other/Preview Content\"";
				DEVELOPMENT_TEAM = 2N2PRGUZ79;
				ENABLE_PREVIEWS = YES;
				INFOPLIST_FILE = "Game-prototype/Other/Info.plist";
				IPHONEOS_DEPLOYMENT_TARGET = 14.0;
				LD_RUNPATH_SEARCH_PATHS = (
					"$(inherited)",
					"@executable_path/Frameworks",
				);
				PRODUCT_BUNDLE_IDENTIFIER = "com.MyCompany.Game-prototype";
				PRODUCT_NAME = "$(TARGET_NAME)";
				SWIFT_VERSION = 5.0;
				TARGETED_DEVICE_FAMILY = "1,2";
			};
			name = Release;
		};
/* End XCBuildConfiguration section */

/* Begin XCConfigurationList section */
		4C13D83626BAF1BC00C2C855 /* Build configuration list for PBXProject "Game-prototype" */ = {
			isa = XCConfigurationList;
			buildConfigurations = (
				4C13D84826BAF1BD00C2C855 /* Debug */,
				4C13D84926BAF1BD00C2C855 /* Release */,
			);
			defaultConfigurationIsVisible = 0;
			defaultConfigurationName = Release;
		};
		4C13D84A26BAF1BD00C2C855 /* Build configuration list for PBXNativeTarget "Game-prototype" */ = {
			isa = XCConfigurationList;
			buildConfigurations = (
				4C13D84B26BAF1BD00C2C855 /* Debug */,
				4C13D84C26BAF1BD00C2C855 /* Release */,
			);
			defaultConfigurationIsVisible = 0;
			defaultConfigurationName = Release;
		};
/* End XCConfigurationList section */
	};
	rootObject = 4C13D83326BAF1BC00C2C855 /* Project object */;
}
